// !$*UTF8*$!
{
	archiveVersion = 1;
	classes = {
	};
	objectVersion = 45;
	objects = {

/* Begin PBXBuildFile section */
		1D3623260D0F684500981E51 /* iPongAppDelegate.m in Sources */ = {isa = PBXBuildFile; fileRef = 1D3623250D0F684500981E51 /* iPongAppDelegate.m */; };
		1D60589B0D05DD56006BFB54 /* main.m in Sources */ = {isa = PBXBuildFile; fileRef = 29B97316FDCFA39411CA2CEA /* main.m */; };
		1D60589F0D05DD5A006BFB54 /* Foundation.framework in Frameworks */ = {isa = PBXBuildFile; fileRef = 1D30AB110D05D00D00671497 /* Foundation.framework */; };
		1DF5F4E00D08C38300B7A737 /* UIKit.framework in Frameworks */ = {isa = PBXBuildFile; fileRef = 1DF5F4DF0D08C38300B7A737 /* UIKit.framework */; };
		23026CBA10AFBB8800209D75 /* SwingHandler.m in Sources */ = {isa = PBXBuildFile; fileRef = 23026CB910AFBB8800209D75 /* SwingHandler.m */; };
		23026DBC10AFF4A900209D75 /* ScoreController.m in Sources */ = {isa = PBXBuildFile; fileRef = A93BEC0510AF9FB000D050EF /* ScoreController.m */; };
		232F5B4810AF13E700C65C6F /* SwingTimer.m in Sources */ = {isa = PBXBuildFile; fileRef = 232F5B4710AF13E700C65C6F /* SwingTimer.m */; };
		232F5DE010AF623E00C65C6F /* GameKit.framework in Frameworks */ = {isa = PBXBuildFile; fileRef = 232F5DDF10AF623E00C65C6F /* GameKit.framework */; };
		232F5E2910AF871500C65C6F /* AVController.m in Sources */ = {isa = PBXBuildFile; fileRef = 232F5E2810AF871500C65C6F /* AVController.m */; };
		232F5E2D10AF873600C65C6F /* AVFoundation.framework in Frameworks */ = {isa = PBXBuildFile; fileRef = 232F5E2C10AF873600C65C6F /* AVFoundation.framework */; };
		288765FD0DF74451002DB57D /* CoreGraphics.framework in Frameworks */ = {isa = PBXBuildFile; fileRef = 288765FC0DF74451002DB57D /* CoreGraphics.framework */; };
		A9124B2610AF0C3B00EBA976 /* 6002b.jpg in Resources */ = {isa = PBXBuildFile; fileRef = A9124B2510AF0C3B00EBA976 /* 6002b.jpg */; };
		A94CD02E10AFC78200A9F7D9 /* bounce.wav in Resources */ = {isa = PBXBuildFile; fileRef = A94CD02D10AFC78200A9F7D9 /* bounce.wav */; };
		A94CD03010AFC81800A9F7D9 /* hit.wav in Resources */ = {isa = PBXBuildFile; fileRef = A94CD02F10AFC81800A9F7D9 /* hit.wav */; };
		A94CD14E10AFD82600A9F7D9 /* happy.wav in Resources */ = {isa = PBXBuildFile; fileRef = A94CD14D10AFD82600A9F7D9 /* happy.wav */; };
		A9CA775510AF489B00A0F4FE /* back-button.png in Resources */ = {isa = PBXBuildFile; fileRef = A9CA774D10AF489B00A0F4FE /* back-button.png */; };
		A9CA775610AF489B00A0F4FE /* bg-pattern.png in Resources */ = {isa = PBXBuildFile; fileRef = A9CA774E10AF489B00A0F4FE /* bg-pattern.png */; };
		A9CA775710AF489B00A0F4FE /* empty-dot.png in Resources */ = {isa = PBXBuildFile; fileRef = A9CA774F10AF489B00A0F4FE /* empty-dot.png */; };
		A9CA775810AF489B00A0F4FE /* glowing-dot.png in Resources */ = {isa = PBXBuildFile; fileRef = A9CA775010AF489B00A0F4FE /* glowing-dot.png */; };
		A9CA775910AF489B00A0F4FE /* paddle.png in Resources */ = {isa = PBXBuildFile; fileRef = A9CA775110AF489B00A0F4FE /* paddle.png */; };
		A9CA775C10AF489B00A0F4FE /* scoreboard.png in Resources */ = {isa = PBXBuildFile; fileRef = A9CA775410AF489B00A0F4FE /* scoreboard.png */; };
		A9CA779210AF4D4400A0F4FE /* scoreboard-bg.png in Resources */ = {isa = PBXBuildFile; fileRef = A9CA779010AF4D4400A0F4FE /* scoreboard-bg.png */; };
		A9CA779310AF4D4400A0F4FE /* scoreboard-divider.png in Resources */ = {isa = PBXBuildFile; fileRef = A9CA779110AF4D4400A0F4FE /* scoreboard-divider.png */; };
		A9FDD3E110AEB2070051B673 /* pingpong.mp3 in Resources */ = {isa = PBXBuildFile; fileRef = A9FDD3E010AEB2070051B673 /* pingpong.mp3 */; };
		A9FDD43E10AEB9780051B673 /* AudioToolbox.framework in Frameworks */ = {isa = PBXBuildFile; fileRef = A9FDD43D10AEB9780051B673 /* AudioToolbox.framework */; };
		A9FDD5B210AECEF60051B673 /* tap.aif in Resources */ = {isa = PBXBuildFile; fileRef = A9FDD5B110AECEF60051B673 /* tap.aif */; };
/* End PBXBuildFile section */

/* Begin PBXFileReference section */
		1D30AB110D05D00D00671497 /* Foundation.framework */ = {isa = PBXFileReference; lastKnownFileType = wrapper.framework; name = Foundation.framework; path = System/Library/Frameworks/Foundation.framework; sourceTree = SDKROOT; };
		1D3623240D0F684500981E51 /* iPongAppDelegate.h */ = {isa = PBXFileReference; fileEncoding = 4; lastKnownFileType = sourcecode.c.h; path = iPongAppDelegate.h; sourceTree = "<group>"; };
		1D3623250D0F684500981E51 /* iPongAppDelegate.m */ = {isa = PBXFileReference; fileEncoding = 4; lastKnownFileType = sourcecode.c.objc; path = iPongAppDelegate.m; sourceTree = "<group>"; };
		1D6058910D05DD3D006BFB54 /* iPong.app */ = {isa = PBXFileReference; explicitFileType = wrapper.application; includeInIndex = 0; path = iPong.app; sourceTree = BUILT_PRODUCTS_DIR; };
		1DF5F4DF0D08C38300B7A737 /* UIKit.framework */ = {isa = PBXFileReference; lastKnownFileType = wrapper.framework; name = UIKit.framework; path = System/Library/Frameworks/UIKit.framework; sourceTree = SDKROOT; };
		23026CB810AFBB8800209D75 /* SwingHandler.h */ = {isa = PBXFileReference; fileEncoding = 4; lastKnownFileType = sourcecode.c.h; path = SwingHandler.h; sourceTree = "<group>"; };
		23026CB910AFBB8800209D75 /* SwingHandler.m */ = {isa = PBXFileReference; fileEncoding = 4; lastKnownFileType = sourcecode.c.objc; path = SwingHandler.m; sourceTree = "<group>"; };
		232F5B4610AF13E700C65C6F /* SwingTimer.h */ = {isa = PBXFileReference; fileEncoding = 4; lastKnownFileType = sourcecode.c.h; path = SwingTimer.h; sourceTree = "<group>"; };
		232F5B4710AF13E700C65C6F /* SwingTimer.m */ = {isa = PBXFileReference; fileEncoding = 4; lastKnownFileType = sourcecode.c.objc; path = SwingTimer.m; sourceTree = "<group>"; };
		232F5B4910AF15F700C65C6F /* PongPacket.h */ = {isa = PBXFileReference; fileEncoding = 4; lastKnownFileType = sourcecode.c.h; path = PongPacket.h; sourceTree = "<group>"; };
		232F5DDF10AF623E00C65C6F /* GameKit.framework */ = {isa = PBXFileReference; lastKnownFileType = wrapper.framework; name = GameKit.framework; path = System/Library/Frameworks/GameKit.framework; sourceTree = SDKROOT; };
		232F5E2710AF871500C65C6F /* AVController.h */ = {isa = PBXFileReference; fileEncoding = 4; lastKnownFileType = sourcecode.c.h; path = AVController.h; sourceTree = "<group>"; };
		232F5E2810AF871500C65C6F /* AVController.m */ = {isa = PBXFileReference; fileEncoding = 4; lastKnownFileType = sourcecode.c.objc; path = AVController.m; sourceTree = "<group>"; };
		232F5E2C10AF873600C65C6F /* AVFoundation.framework */ = {isa = PBXFileReference; lastKnownFileType = wrapper.framework; name = AVFoundation.framework; path = System/Library/Frameworks/AVFoundation.framework; sourceTree = SDKROOT; };
		288765FC0DF74451002DB57D /* CoreGraphics.framework */ = {isa = PBXFileReference; lastKnownFileType = wrapper.framework; name = CoreGraphics.framework; path = System/Library/Frameworks/CoreGraphics.framework; sourceTree = SDKROOT; };
		29B97316FDCFA39411CA2CEA /* main.m */ = {isa = PBXFileReference; fileEncoding = 4; lastKnownFileType = sourcecode.c.objc; path = main.m; sourceTree = "<group>"; };
		32CA4F630368D1EE00C91783 /* iPong_Prefix.pch */ = {isa = PBXFileReference; fileEncoding = 4; lastKnownFileType = sourcecode.c.h; path = iPong_Prefix.pch; sourceTree = "<group>"; };
		8D1107310486CEB800E47090 /* iPong-Info.plist */ = {isa = PBXFileReference; fileEncoding = 4; lastKnownFileType = text.plist.xml; path = "iPong-Info.plist"; plistStructureDefinitionIdentifier = "com.apple.xcode.plist.structure-definition.iphone.info-plist"; sourceTree = "<group>"; };
		A9124B2510AF0C3B00EBA976 /* 6002b.jpg */ = {isa = PBXFileReference; lastKnownFileType = image.jpeg; path = 6002b.jpg; sourceTree = "<group>"; };
		A93BEC0410AF9FB000D050EF /* ScoreController.h */ = {isa = PBXFileReference; fileEncoding = 4; lastKnownFileType = sourcecode.c.h; path = ScoreController.h; sourceTree = "<group>"; };
		A93BEC0510AF9FB000D050EF /* ScoreController.m */ = {isa = PBXFileReference; fileEncoding = 4; lastKnownFileType = sourcecode.c.objc; path = ScoreController.m; sourceTree = "<group>"; };
		A94CD02D10AFC78200A9F7D9 /* bounce.wav */ = {isa = PBXFileReference; lastKnownFileType = audio.wav; path = bounce.wav; sourceTree = "<group>"; };
		A94CD02F10AFC81800A9F7D9 /* hit.wav */ = {isa = PBXFileReference; lastKnownFileType = audio.wav; path = hit.wav; sourceTree = "<group>"; };
		A94CD14D10AFD82600A9F7D9 /* happy.wav */ = {isa = PBXFileReference; lastKnownFileType = audio.wav; path = happy.wav; sourceTree = "<group>"; };
		A9CA774D10AF489B00A0F4FE /* back-button.png */ = {isa = PBXFileReference; lastKnownFileType = image.png; path = "back-button.png"; sourceTree = "<group>"; };
		A9CA774E10AF489B00A0F4FE /* bg-pattern.png */ = {isa = PBXFileReference; lastKnownFileType = image.png; path = "bg-pattern.png"; sourceTree = "<group>"; };
		A9CA774F10AF489B00A0F4FE /* empty-dot.png */ = {isa = PBXFileReference; lastKnownFileType = image.png; path = "empty-dot.png"; sourceTree = "<group>"; };
		A9CA775010AF489B00A0F4FE /* glowing-dot.png */ = {isa = PBXFileReference; lastKnownFileType = image.png; path = "glowing-dot.png"; sourceTree = "<group>"; };
		A9CA775110AF489B00A0F4FE /* paddle.png */ = {isa = PBXFileReference; lastKnownFileType = image.png; path = paddle.png; sourceTree = "<group>"; };
		A9CA775410AF489B00A0F4FE /* scoreboard.png */ = {isa = PBXFileReference; lastKnownFileType = image.png; path = scoreboard.png; sourceTree = "<group>"; };
		A9CA779010AF4D4400A0F4FE /* scoreboard-bg.png */ = {isa = PBXFileReference; lastKnownFileType = image.png; path = "scoreboard-bg.png"; sourceTree = "<group>"; };
		A9CA779110AF4D4400A0F4FE /* scoreboard-divider.png */ = {isa = PBXFileReference; lastKnownFileType = image.png; path = "scoreboard-divider.png"; sourceTree = "<group>"; };
		A9FDD3E010AEB2070051B673 /* pingpong.mp3 */ = {isa = PBXFileReference; lastKnownFileType = audio.mp3; path = pingpong.mp3; sourceTree = "<group>"; };
		A9FDD43D10AEB9780051B673 /* AudioToolbox.framework */ = {isa = PBXFileReference; lastKnownFileType = wrapper.framework; name = AudioToolbox.framework; path = System/Library/Frameworks/AudioToolbox.framework; sourceTree = SDKROOT; };
		A9FDD5B110AECEF60051B673 /* tap.aif */ = {isa = PBXFileReference; lastKnownFileType = file; path = tap.aif; sourceTree = "<group>"; };
/* End PBXFileReference section */

/* Begin PBXFrameworksBuildPhase section */
		1D60588F0D05DD3D006BFB54 /* Frameworks */ = {
			isa = PBXFrameworksBuildPhase;
			buildActionMask = 2147483647;
			files = (
				1D60589F0D05DD5A006BFB54 /* Foundation.framework in Frameworks */,
				1DF5F4E00D08C38300B7A737 /* UIKit.framework in Frameworks */,
				288765FD0DF74451002DB57D /* CoreGraphics.framework in Frameworks */,
				A9FDD43E10AEB9780051B673 /* AudioToolbox.framework in Frameworks */,
				232F5DE010AF623E00C65C6F /* GameKit.framework in Frameworks */,
				232F5E2D10AF873600C65C6F /* AVFoundation.framework in Frameworks */,
			);
			runOnlyForDeploymentPostprocessing = 0;
		};
/* End PBXFrameworksBuildPhase section */

/* Begin PBXGroup section */
		080E96DDFE201D6D7F000001 /* Classes */ = {
			isa = PBXGroup;
			children = (
				232F5E2710AF871500C65C6F /* AVController.h */,
				232F5E2810AF871500C65C6F /* AVController.m */,
				1D3623240D0F684500981E51 /* iPongAppDelegate.h */,
				1D3623250D0F684500981E51 /* iPongAppDelegate.m */,
				232F5B4610AF13E700C65C6F /* SwingTimer.h */,
				232F5B4710AF13E700C65C6F /* SwingTimer.m */,
				A93BEC0410AF9FB000D050EF /* ScoreController.h */,
				A93BEC0510AF9FB000D050EF /* ScoreController.m */,
				232F5B4910AF15F700C65C6F /* PongPacket.h */,
				23026CB810AFBB8800209D75 /* SwingHandler.h */,
				23026CB910AFBB8800209D75 /* SwingHandler.m */,
			);
			path = Classes;
			sourceTree = "<group>";
		};
		19C28FACFE9D520D11CA2CBB /* Products */ = {
			isa = PBXGroup;
			children = (
				1D6058910D05DD3D006BFB54 /* iPong.app */,
			);
			name = Products;
			sourceTree = "<group>";
		};
		29B97314FDCFA39411CA2CEA /* CustomTemplate */ = {
			isa = PBXGroup;
			children = (
				080E96DDFE201D6D7F000001 /* Classes */,
				29B97315FDCFA39411CA2CEA /* Other Sources */,
				29B97317FDCFA39411CA2CEA /* Resources */,
				29B97323FDCFA39411CA2CEA /* Frameworks */,
				19C28FACFE9D520D11CA2CBB /* Products */,
			);
			name = CustomTemplate;
			sourceTree = "<group>";
		};
		29B97315FDCFA39411CA2CEA /* Other Sources */ = {
			isa = PBXGroup;
			children = (
				32CA4F630368D1EE00C91783 /* iPong_Prefix.pch */,
				29B97316FDCFA39411CA2CEA /* main.m */,
			);
			name = "Other Sources";
			sourceTree = "<group>";
		};
		29B97317FDCFA39411CA2CEA /* Resources */ = {
			isa = PBXGroup;
			children = (
				A9CA774D10AF489B00A0F4FE /* back-button.png */,
				A9CA774E10AF489B00A0F4FE /* bg-pattern.png */,
				A9CA774F10AF489B00A0F4FE /* empty-dot.png */,
				A9CA775010AF489B00A0F4FE /* glowing-dot.png */,
				A9CA775110AF489B00A0F4FE /* paddle.png */,
				A9CA779010AF4D4400A0F4FE /* scoreboard-bg.png */,
				A94CD02D10AFC78200A9F7D9 /* bounce.wav */,
				A94CD02F10AFC81800A9F7D9 /* hit.wav */,
				A9CA779110AF4D4400A0F4FE /* scoreboard-divider.png */,
				A9CA775410AF489B00A0F4FE /* scoreboard.png */,
				A94CD14D10AFD82600A9F7D9 /* happy.wav */,
				A9124B2510AF0C3B00EBA976 /* 6002b.jpg */,
				8D1107310486CEB800E47090 /* iPong-Info.plist */,
				A9FDD5B110AECEF60051B673 /* tap.aif */,
				A9FDD3E010AEB2070051B673 /* pingpong.mp3 */,
			);
			name = Resources;
			sourceTree = "<group>";
		};
		29B97323FDCFA39411CA2CEA /* Frameworks */ = {
			isa = PBXGroup;
			children = (
				232F5E2C10AF873600C65C6F /* AVFoundation.framework */,
				232F5DDF10AF623E00C65C6F /* GameKit.framework */,
				A9FDD43D10AEB9780051B673 /* AudioToolbox.framework */,
				1DF5F4DF0D08C38300B7A737 /* UIKit.framework */,
				1D30AB110D05D00D00671497 /* Foundation.framework */,
				288765FC0DF74451002DB57D /* CoreGraphics.framework */,
			);
			name = Frameworks;
			sourceTree = "<group>";
		};
/* End PBXGroup section */

/* Begin PBXNativeTarget section */
		1D6058900D05DD3D006BFB54 /* iPong */ = {
			isa = PBXNativeTarget;
			buildConfigurationList = 1D6058960D05DD3E006BFB54 /* Build configuration list for PBXNativeTarget "iPong" */;
			buildPhases = (
				1D60588D0D05DD3D006BFB54 /* Resources */,
				1D60588E0D05DD3D006BFB54 /* Sources */,
				1D60588F0D05DD3D006BFB54 /* Frameworks */,
			);
			buildRules = (
			);
			dependencies = (
			);
			name = iPong;
			productName = iPong;
			productReference = 1D6058910D05DD3D006BFB54 /* iPong.app */;
			productType = "com.apple.product-type.application";
		};
/* End PBXNativeTarget section */

/* Begin PBXProject section */
		29B97313FDCFA39411CA2CEA /* Project object */ = {
			isa = PBXProject;
			buildConfigurationList = C01FCF4E08A954540054247B /* Build configuration list for PBXProject "iPong" */;
			compatibilityVersion = "Xcode 3.1";
			hasScannedForEncodings = 1;
			mainGroup = 29B97314FDCFA39411CA2CEA /* CustomTemplate */;
			projectDirPath = "";
			projectRoot = "";
			targets = (
				1D6058900D05DD3D006BFB54 /* iPong */,
			);
		};
/* End PBXProject section */

/* Begin PBXResourcesBuildPhase section */
		1D60588D0D05DD3D006BFB54 /* Resources */ = {
			isa = PBXResourcesBuildPhase;
			buildActionMask = 2147483647;
			files = (
				A9FDD3E110AEB2070051B673 /* pingpong.mp3 in Resources */,
				A9FDD5B210AECEF60051B673 /* tap.aif in Resources */,
				A9124B2610AF0C3B00EBA976 /* 6002b.jpg in Resources */,
				A9CA775510AF489B00A0F4FE /* back-button.png in Resources */,
				A9CA775610AF489B00A0F4FE /* bg-pattern.png in Resources */,
				A9CA775710AF489B00A0F4FE /* empty-dot.png in Resources */,
				A9CA775810AF489B00A0F4FE /* glowing-dot.png in Resources */,
				A9CA775910AF489B00A0F4FE /* paddle.png in Resources */,
				A9CA775C10AF489B00A0F4FE /* scoreboard.png in Resources */,
				A9CA779210AF4D4400A0F4FE /* scoreboard-bg.png in Resources */,
				A9CA779310AF4D4400A0F4FE /* scoreboard-divider.png in Resources */,
				A94CD02E10AFC78200A9F7D9 /* bounce.wav in Resources */,
				A94CD03010AFC81800A9F7D9 /* hit.wav in Resources */,
				A94CD14E10AFD82600A9F7D9 /* happy.wav in Resources */,
			);
			runOnlyForDeploymentPostprocessing = 0;
		};
/* End PBXResourcesBuildPhase section */

/* Begin PBXSourcesBuildPhase section */
		1D60588E0D05DD3D006BFB54 /* Sources */ = {
			isa = PBXSourcesBuildPhase;
			buildActionMask = 2147483647;
			files = (
				23026DBC10AFF4A900209D75 /* ScoreController.m in Sources */,
				1D60589B0D05DD56006BFB54 /* main.m in Sources */,
				1D3623260D0F684500981E51 /* iPongAppDelegate.m in Sources */,
				232F5B4810AF13E700C65C6F /* SwingTimer.m in Sources */,
				232F5E2910AF871500C65C6F /* AVController.m in Sources */,
				23026CBA10AFBB8800209D75 /* SwingHandler.m in Sources */,
			);
			runOnlyForDeploymentPostprocessing = 0;
		};
/* End PBXSourcesBuildPhase section */

/* Begin XCBuildConfiguration section */
		1D6058940D05DD3E006BFB54 /* Debug */ = {
			isa = XCBuildConfiguration;
			buildSettings = {
				ALWAYS_SEARCH_USER_PATHS = NO;
				COPY_PHASE_STRIP = NO;
				GCC_DYNAMIC_NO_PIC = NO;
				GCC_OPTIMIZATION_LEVEL = 0;
				GCC_PRECOMPILE_PREFIX_HEADER = YES;
				GCC_PREFIX_HEADER = iPong_Prefix.pch;
				GCC_VERSION = 4.2;
				INFOPLIST_FILE = "iPong-Info.plist";
				PRODUCT_NAME = iPong;
			};
			name = Debug;
		};
		1D6058950D05DD3E006BFB54 /* Release */ = {
			isa = XCBuildConfiguration;
			buildSettings = {
				ALWAYS_SEARCH_USER_PATHS = NO;
				COPY_PHASE_STRIP = YES;
				GCC_PRECOMPILE_PREFIX_HEADER = YES;
				GCC_PREFIX_HEADER = iPong_Prefix.pch;
				GCC_VERSION = 4.2;
				INFOPLIST_FILE = "iPong-Info.plist";
				PRODUCT_NAME = iPong;
			};
			name = Release;
		};
		C01FCF4F08A954540054247B /* Debug */ = {
			isa = XCBuildConfiguration;
			buildSettings = {
				ARCHS = "$(ARCHS_STANDARD_32_BIT)";
				"CODE_SIGN_IDENTITY[sdk=iphoneos*]" = "iPhone Developer";
				GCC_C_LANGUAGE_STANDARD = c99;
				GCC_WARN_ABOUT_RETURN_TYPE = YES;
				GCC_WARN_UNUSED_VARIABLE = YES;
				IPHONEOS_DEPLOYMENT_TARGET = 3.0;
				PREBINDING = NO;
				SDKROOT = iphoneos3.1.2;
			};
			name = Debug;
		};
		C01FCF5008A954540054247B /* Release */ = {
			isa = XCBuildConfiguration;
			buildSettings = {
				ARCHS = "$(ARCHS_STANDARD_32_BIT)";
				"CODE_SIGN_IDENTITY[sdk=iphoneos*]" = "iPhone Developer";
				GCC_C_LANGUAGE_STANDARD = c99;
				GCC_WARN_ABOUT_RETURN_TYPE = YES;
				GCC_WARN_UNUSED_VARIABLE = YES;
				IPHONEOS_DEPLOYMENT_TARGET = 3.0;
				PREBINDING = NO;
				SDKROOT = iphoneos3.1.2;
			};
			name = Release;
		};
/* End XCBuildConfiguration section */

/* Begin XCConfigurationList section */
		1D6058960D05DD3E006BFB54 /* Build configuration list for PBXNativeTarget "iPong" */ = {
			isa = XCConfigurationList;
			buildConfigurations = (
				1D6058940D05DD3E006BFB54 /* Debug */,
				1D6058950D05DD3E006BFB54 /* Release */,
			);
			defaultConfigurationIsVisible = 0;
			defaultConfigurationName = Release;
		};
		C01FCF4E08A954540054247B /* Build configuration list for PBXProject "iPong" */ = {
			isa = XCConfigurationList;
			buildConfigurations = (
				C01FCF4F08A954540054247B /* Debug */,
				C01FCF5008A954540054247B /* Release */,
			);
			defaultConfigurationIsVisible = 0;
			defaultConfigurationName = Release;
		};
/* End XCConfigurationList section */
	};
	rootObject = 29B97313FDCFA39411CA2CEA /* Project object */;
}
